
Microsoft Visual Studio Solution File, Format Version 12.00
# Visual Studio Version 16
VisualStudioVersion = 16.0.30804.86
MinimumVisualStudioVersion = 10.0.40219.1
Project("{9A19103F-16F7-4668-BE54-9A1E7A4F7556}") = "Livraria.WebApi", "Livraria.WebApi\Livraria.WebApi.csproj", "{66239F70-0585-4B71-9120-CAF40993FC03}"
EndProject
Project("{9A19103F-16F7-4668-BE54-9A1E7A4F7556}") = "Livraria.Domain", "Livraria.Domain\Livraria.Domain.csproj", "{BEE21DE0-5237-4D42-B30D-8B4D70FC85B0}"
EndProject
Project("{9A19103F-16F7-4668-BE54-9A1E7A4F7556}") = "Livraria.Data", "Livraria.Data\Livraria.Data.csproj", "{FA56FB91-3EF9-4B80-8E11-46C22F6CF798}"
EndProject
Project("{FAE04EC0-301F-11D3-BF4B-00C04F79EFBC}") = "Livraria.UseCases", "Livraria.UseCases\Livraria.UseCases.csproj", "{B3C11F97-0041-4C6A-BB93-68D2FF32C067}"
EndProject
Global
	GlobalSection(SolutionConfigurationPlatforms) = preSolution
		Debug|Any CPU = Debug|Any CPU
		Release|Any CPU = Release|Any CPU
	EndGlobalSection
	GlobalSection(ProjectConfigurationPlatforms) = postSolution
		{66239F70-0585-4B71-9120-CAF40993FC03}.Debug|Any CPU.ActiveCfg = Debug|Any CPU
		{66239F70-0585-4B71-9120-CAF40993FC03}.Debug|Any CPU.Build.0 = Debug|Any CPU
		{66239F70-0585-4B71-9120-CAF40993FC03}.Release|Any CPU.ActiveCfg = Release|Any CPU
		{66239F70-0585-4B71-9120-CAF40993FC03}.Release|Any CPU.Build.0 = Release|Any CPU
		{BEE21DE0-5237-4D42-B30D-8B4D70FC85B0}.Debug|Any CPU.ActiveCfg = Debug|Any CPU
		{BEE21DE0-5237-4D42-B30D-8B4D70FC85B0}.Debug|Any CPU.Build.0 = Debug|Any CPU
		{BEE21DE0-5237-4D42-B30D-8B4D70FC85B0}.Release|Any CPU.ActiveCfg = Release|Any CPU
		{BEE21DE0-5237-4D42-B30D-8B4D70FC85B0}.Release|Any CPU.Build.0 = Release|Any CPU
		{FA56FB91-3EF9-4B80-8E11-46C22F6CF798}.Debug|Any CPU.ActiveCfg = Debug|Any CPU
		{FA56FB91-3EF9-4B80-8E11-46C22F6CF798}.Debug|Any CPU.Build.0 = Debug|Any CPU
		{FA56FB91-3EF9-4B80-8E11-46C22F6CF798}.Release|Any CPU.ActiveCfg = Release|Any CPU
		{FA56FB91-3EF9-4B80-8E11-46C22F6CF798}.Release|Any CPU.Build.0 = Release|Any CPU
		{B3C11F97-0041-4C6A-BB93-68D2FF32C067}.Debug|Any CPU.ActiveCfg = Debug|Any CPU
		{B3C11F97-0041-4C6A-BB93-68D2FF32C067}.Debug|Any CPU.Build.0 = Debug|Any CPU
		{B3C11F97-0041-4C6A-BB93-68D2FF32C067}.Release|Any CPU.ActiveCfg = Release|Any CPU
		{B3C11F97-0041-4C6A-BB93-68D2FF32C067}.Release|Any CPU.Build.0 = Release|Any CPU
	EndGlobalSection
	GlobalSection(SolutionProperties) = preSolution
		HideSolutionNode = FALSE
	EndGlobalSection
	GlobalSection(ExtensibilityGlobals) = postSolution
		SolutionGuid = {5741268A-9D8C-4718-8E4A-D43D104FE240}
	EndGlobalSection
EndGlobal
